
Microsoft Visual Studio Solution File, Format Version 12.00
# Visual Studio 15
VisualStudioVersion = 15.0.28010.2003
MinimumVisualStudioVersion = 10.0.40219.1
Project("{FAE04EC0-301F-11D3-BF4B-00C04F79EFBC}") = "Heliton_ReactSPA", "Heliton_ReactSPA\Heliton_ReactSPA.csproj", "{B5884991-6B1D-4CC4-8F09-E650724AB9D1}"
EndProject
Global
	GlobalSection(SolutionConfigurationPlatforms) = preSolution
		Debug|Any CPU = Debug|Any CPU
		Release|Any CPU = Release|Any CPU
	EndGlobalSection
	GlobalSection(ProjectConfigurationPlatforms) = postSolution
		{B5884991-6B1D-4CC4-8F09-E650724AB9D1}.Debug|Any CPU.ActiveCfg = Debug|Any CPU
		{B5884991-6B1D-4CC4-8F09-E650724AB9D1}.Debug|Any CPU.Build.0 = Debug|Any CPU
		{B5884991-6B1D-4CC4-8F09-E650724AB9D1}.Release|Any CPU.ActiveCfg = Release|Any CPU
		{B5884991-6B1D-4CC4-8F09-E650724AB9D1}.Release|Any CPU.Build.0 = Release|Any CPU
	EndGlobalSection
	GlobalSection(SolutionProperties) = preSolution
		HideSolutionNode = FALSE
	EndGlobalSection
	GlobalSection(ExtensibilityGlobals) = postSolution
		SolutionGuid = {46ADB3AA-B495-49E2-A928-8506569E2C2F}
	EndGlobalSection
EndGlobal
